
Microsoft Visual Studio Solution File, Format Version 12.00
# Visual Studio 15
VisualStudioVersion = 15.0.28307.960
MinimumVisualStudioVersion = 10.0.40219.1
Project("{FAE04EC0-301F-11D3-BF4B-00C04F79EFBC}") = "BasicClassConcepts", "BasicClassConcepts\BasicClassConcepts.csproj", "{45C94911-6068-4C25-BAFB-A10CD475B3BF}"
EndProject
Project("{FAE04EC0-301F-11D3-BF4B-00C04F79EFBC}") = "StaticMembers", "StaticMembers\StaticMembers.csproj", "{2039DBBF-DA18-4E42-AB8F-2255D826FD3F}"
EndProject
Project("{FAE04EC0-301F-11D3-BF4B-00C04F79EFBC}") = "Assignment", "Assignment\Assignment.csproj", "{D72B5098-4D0F-4C40-8054-655D10A3B4D0}"
EndProject
Global
	GlobalSection(SolutionConfigurationPlatforms) = preSolution
		Debug|Any CPU = Debug|Any CPU
		Release|Any CPU = Release|Any CPU
	EndGlobalSection
	GlobalSection(ProjectConfigurationPlatforms) = postSolution
		{45C94911-6068-4C25-BAFB-A10CD475B3BF}.Debug|Any CPU.ActiveCfg = Debug|Any CPU
		{45C94911-6068-4C25-BAFB-A10CD475B3BF}.Debug|Any CPU.Build.0 = Debug|Any CPU
		{45C94911-6068-4C25-BAFB-A10CD475B3BF}.Release|Any CPU.ActiveCfg = Release|Any CPU
		{45C94911-6068-4C25-BAFB-A10CD475B3BF}.Release|Any CPU.Build.0 = Release|Any CPU
		{2039DBBF-DA18-4E42-AB8F-2255D826FD3F}.Debug|Any CPU.ActiveCfg = Debug|Any CPU
		{2039DBBF-DA18-4E42-AB8F-2255D826FD3F}.Debug|Any CPU.Build.0 = Debug|Any CPU
		{2039DBBF-DA18-4E42-AB8F-2255D826FD3F}.Release|Any CPU.ActiveCfg = Release|Any CPU
		{2039DBBF-DA18-4E42-AB8F-2255D826FD3F}.Release|Any CPU.Build.0 = Release|Any CPU
		{D72B5098-4D0F-4C40-8054-655D10A3B4D0}.Debug|Any CPU.ActiveCfg = Debug|Any CPU
		{D72B5098-4D0F-4C40-8054-655D10A3B4D0}.Debug|Any CPU.Build.0 = Debug|Any CPU
		{D72B5098-4D0F-4C40-8054-655D10A3B4D0}.Release|Any CPU.ActiveCfg = Release|Any CPU
		{D72B5098-4D0F-4C40-8054-655D10A3B4D0}.Release|Any CPU.Build.0 = Release|Any CPU
	EndGlobalSection
	GlobalSection(SolutionProperties) = preSolution
		HideSolutionNode = FALSE
	EndGlobalSection
	GlobalSection(ExtensibilityGlobals) = postSolution
		SolutionGuid = {7FF2FFE0-E7C6-4CBF-89BF-1CC769744C5C}
	EndGlobalSection
EndGlobal
