
Microsoft Visual Studio Solution File, Format Version 12.00
# Visual Studio 15
VisualStudioVersion = 15.0.28307.960
MinimumVisualStudioVersion = 10.0.40219.1
Project("{FAE04EC0-301F-11D3-BF4B-00C04F79EFBC}") = "Exam", "Exam\Exam.csproj", "{BA176C7A-D476-4B45-82CB-2EF4E6176FAF}"
EndProject
Global
	GlobalSection(SolutionConfigurationPlatforms) = preSolution
		Debug|Any CPU = Debug|Any CPU
		Release|Any CPU = Release|Any CPU
	EndGlobalSection
	GlobalSection(ProjectConfigurationPlatforms) = postSolution
		{BA176C7A-D476-4B45-82CB-2EF4E6176FAF}.Debug|Any CPU.ActiveCfg = Debug|Any CPU
		{BA176C7A-D476-4B45-82CB-2EF4E6176FAF}.Debug|Any CPU.Build.0 = Debug|Any CPU
		{BA176C7A-D476-4B45-82CB-2EF4E6176FAF}.Release|Any CPU.ActiveCfg = Release|Any CPU
		{BA176C7A-D476-4B45-82CB-2EF4E6176FAF}.Release|Any CPU.Build.0 = Release|Any CPU
	EndGlobalSection
	GlobalSection(SolutionProperties) = preSolution
		HideSolutionNode = FALSE
	EndGlobalSection
	GlobalSection(ExtensibilityGlobals) = postSolution
		SolutionGuid = {08223403-8432-4931-B4AC-FB5012C038AF}
	EndGlobalSection
EndGlobal
