
Microsoft Visual Studio Solution File, Format Version 12.00
# Visual Studio 15
VisualStudioVersion = 15.0.28307.960
MinimumVisualStudioVersion = 10.0.40219.1
Project("{FAE04EC0-301F-11D3-BF4B-00C04F79EFBC}") = "DAY3", "DAY3\DAY3.csproj", "{6F8855CE-2E55-4DBA-8ED5-9EC3B36C7A48}"
EndProject
Project("{FAE04EC0-301F-11D3-BF4B-00C04F79EFBC}") = "TODOS", "TODOS\TODOS.csproj", "{7ECAD1D6-3F7A-4606-B702-E9D7C150548D}"
EndProject
Global
	GlobalSection(SolutionConfigurationPlatforms) = preSolution
		Debug|Any CPU = Debug|Any CPU
		Release|Any CPU = Release|Any CPU
	EndGlobalSection
	GlobalSection(ProjectConfigurationPlatforms) = postSolution
		{6F8855CE-2E55-4DBA-8ED5-9EC3B36C7A48}.Debug|Any CPU.ActiveCfg = Debug|Any CPU
		{6F8855CE-2E55-4DBA-8ED5-9EC3B36C7A48}.Debug|Any CPU.Build.0 = Debug|Any CPU
		{6F8855CE-2E55-4DBA-8ED5-9EC3B36C7A48}.Release|Any CPU.ActiveCfg = Release|Any CPU
		{6F8855CE-2E55-4DBA-8ED5-9EC3B36C7A48}.Release|Any CPU.Build.0 = Release|Any CPU
		{7ECAD1D6-3F7A-4606-B702-E9D7C150548D}.Debug|Any CPU.ActiveCfg = Debug|Any CPU
		{7ECAD1D6-3F7A-4606-B702-E9D7C150548D}.Debug|Any CPU.Build.0 = Debug|Any CPU
		{7ECAD1D6-3F7A-4606-B702-E9D7C150548D}.Release|Any CPU.ActiveCfg = Release|Any CPU
		{7ECAD1D6-3F7A-4606-B702-E9D7C150548D}.Release|Any CPU.Build.0 = Release|Any CPU
	EndGlobalSection
	GlobalSection(SolutionProperties) = preSolution
		HideSolutionNode = FALSE
	EndGlobalSection
	GlobalSection(ExtensibilityGlobals) = postSolution
		SolutionGuid = {D6454435-785B-4231-A47D-D0D889911E82}
	EndGlobalSection
EndGlobal
