
Microsoft Visual Studio Solution File, Format Version 12.00
# Visual Studio 15
VisualStudioVersion = 15.0.28307.960
MinimumVisualStudioVersion = 10.0.40219.1
Project("{FAE04EC0-301F-11D3-BF4B-00C04F79EFBC}") = "EntityFramework", "EntityFramework\EntityFramework.csproj", "{3E360DCF-ACAE-4DE8-A31B-148E35DB1CED}"
EndProject
Global
	GlobalSection(SolutionConfigurationPlatforms) = preSolution
		Debug|Any CPU = Debug|Any CPU
		Release|Any CPU = Release|Any CPU
	EndGlobalSection
	GlobalSection(ProjectConfigurationPlatforms) = postSolution
		{3E360DCF-ACAE-4DE8-A31B-148E35DB1CED}.Debug|Any CPU.ActiveCfg = Debug|Any CPU
		{3E360DCF-ACAE-4DE8-A31B-148E35DB1CED}.Debug|Any CPU.Build.0 = Debug|Any CPU
		{3E360DCF-ACAE-4DE8-A31B-148E35DB1CED}.Release|Any CPU.ActiveCfg = Release|Any CPU
		{3E360DCF-ACAE-4DE8-A31B-148E35DB1CED}.Release|Any CPU.Build.0 = Release|Any CPU
	EndGlobalSection
	GlobalSection(SolutionProperties) = preSolution
		HideSolutionNode = FALSE
	EndGlobalSection
	GlobalSection(ExtensibilityGlobals) = postSolution
		SolutionGuid = {14B12A56-22C9-49A5-A76C-6A7C42E723E6}
	EndGlobalSection
EndGlobal
