
Microsoft Visual Studio Solution File, Format Version 12.00
# Visual Studio 15
VisualStudioVersion = 15.0.28307.645
MinimumVisualStudioVersion = 10.0.40219.1
Project("{FAE04EC0-301F-11D3-BF4B-00C04F79EFBC}") = "DAY5_NOTES_ASSIGNMENT", "DAY5_NOTES_ASSIGNMENT\DAY5_NOTES_ASSIGNMENT.csproj", "{4636A981-FD1B-4FCD-BAF2-B9794B756BE3}"
EndProject
Project("{FAE04EC0-301F-11D3-BF4B-00C04F79EFBC}") = "ThreadingExample", "..\..\..\Downloads\Day5 (1)\Day5\ThreadingExample\ThreadingExample.csproj", "{43BFA205-CAA1-4342-B7C3-EC24BA246723}"
EndProject
Project("{FAE04EC0-301F-11D3-BF4B-00C04F79EFBC}") = "Lambdas", "..\..\..\Downloads\Day5 (1)\Day5\Lambdas\Lambdas.csproj", "{65871DCF-739D-4A58-94CC-3F02B04295D5}"
EndProject
Project("{FAE04EC0-301F-11D3-BF4B-00C04F79EFBC}") = "Threadin_In_Dot_Net", "Threadin_In_Dot_Net\Threadin_In_Dot_Net.csproj", "{1E46889E-A630-4D1C-B691-0A2AC615FE7E}"
EndProject
Project("{FAE04EC0-301F-11D3-BF4B-00C04F79EFBC}") = "TODOS_DAY5_Practice", "TODOS_DAY5_Practice\TODOS_DAY5_Practice.csproj", "{19D47766-1D70-46E7-A33C-C474A7F45838}"
EndProject
Global
	GlobalSection(SolutionConfigurationPlatforms) = preSolution
		Debug|Any CPU = Debug|Any CPU
		Release|Any CPU = Release|Any CPU
	EndGlobalSection
	GlobalSection(ProjectConfigurationPlatforms) = postSolution
		{4636A981-FD1B-4FCD-BAF2-B9794B756BE3}.Debug|Any CPU.ActiveCfg = Debug|Any CPU
		{4636A981-FD1B-4FCD-BAF2-B9794B756BE3}.Debug|Any CPU.Build.0 = Debug|Any CPU
		{4636A981-FD1B-4FCD-BAF2-B9794B756BE3}.Release|Any CPU.ActiveCfg = Release|Any CPU
		{4636A981-FD1B-4FCD-BAF2-B9794B756BE3}.Release|Any CPU.Build.0 = Release|Any CPU
		{43BFA205-CAA1-4342-B7C3-EC24BA246723}.Debug|Any CPU.ActiveCfg = Debug|Any CPU
		{43BFA205-CAA1-4342-B7C3-EC24BA246723}.Debug|Any CPU.Build.0 = Debug|Any CPU
		{43BFA205-CAA1-4342-B7C3-EC24BA246723}.Release|Any CPU.ActiveCfg = Release|Any CPU
		{43BFA205-CAA1-4342-B7C3-EC24BA246723}.Release|Any CPU.Build.0 = Release|Any CPU
		{65871DCF-739D-4A58-94CC-3F02B04295D5}.Debug|Any CPU.ActiveCfg = Debug|Any CPU
		{65871DCF-739D-4A58-94CC-3F02B04295D5}.Debug|Any CPU.Build.0 = Debug|Any CPU
		{65871DCF-739D-4A58-94CC-3F02B04295D5}.Release|Any CPU.ActiveCfg = Release|Any CPU
		{65871DCF-739D-4A58-94CC-3F02B04295D5}.Release|Any CPU.Build.0 = Release|Any CPU
		{1E46889E-A630-4D1C-B691-0A2AC615FE7E}.Debug|Any CPU.ActiveCfg = Debug|Any CPU
		{1E46889E-A630-4D1C-B691-0A2AC615FE7E}.Debug|Any CPU.Build.0 = Debug|Any CPU
		{1E46889E-A630-4D1C-B691-0A2AC615FE7E}.Release|Any CPU.ActiveCfg = Release|Any CPU
		{1E46889E-A630-4D1C-B691-0A2AC615FE7E}.Release|Any CPU.Build.0 = Release|Any CPU
		{19D47766-1D70-46E7-A33C-C474A7F45838}.Debug|Any CPU.ActiveCfg = Debug|Any CPU
		{19D47766-1D70-46E7-A33C-C474A7F45838}.Debug|Any CPU.Build.0 = Debug|Any CPU
		{19D47766-1D70-46E7-A33C-C474A7F45838}.Release|Any CPU.ActiveCfg = Release|Any CPU
		{19D47766-1D70-46E7-A33C-C474A7F45838}.Release|Any CPU.Build.0 = Release|Any CPU
	EndGlobalSection
	GlobalSection(SolutionProperties) = preSolution
		HideSolutionNode = FALSE
	EndGlobalSection
	GlobalSection(ExtensibilityGlobals) = postSolution
		SolutionGuid = {08367436-B2A9-4E9F-92E2-1D53BA061ACB}
	EndGlobalSection
EndGlobal
